
Microsoft Visual Studio Solution File, Format Version 11.00
# Visual Studio 2012
Project("{FAE04EC0-301F-11D3-BF4B-00C04F79EFBC}") = "Cell Phone Test", "Cell Phone Test\Cell Phone Test.csproj", "{41AA77F2-190D-4F43-8A63-35A899D9B237}"
EndProject
Global
	GlobalSection(SolutionConfigurationPlatforms) = preSolution
		Debug|x86 = Debug|x86
		Release|x86 = Release|x86
	EndGlobalSection
	GlobalSection(ProjectConfigurationPlatforms) = postSolution
		{41AA77F2-190D-4F43-8A63-35A899D9B237}.Debug|x86.ActiveCfg = Debug|x86
		{41AA77F2-190D-4F43-8A63-35A899D9B237}.Debug|x86.Build.0 = Debug|x86
		{41AA77F2-190D-4F43-8A63-35A899D9B237}.Release|x86.ActiveCfg = Release|x86
		{41AA77F2-190D-4F43-8A63-35A899D9B237}.Release|x86.Build.0 = Release|x86
	EndGlobalSection
	GlobalSection(SolutionProperties) = preSolution
		HideSolutionNode = FALSE
	EndGlobalSection
EndGlobal
